
Microsoft Visual Studio Solution File, Format Version 12.00
# Visual Studio 14
VisualStudioVersion = 14.0.25420.1
MinimumVisualStudioVersion = 10.0.40219.1
Project("{FAE04EC0-301F-11D3-BF4B-00C04F79EFBC}") = "Test", "Test\Test.csproj", "{07107DBF-6AC0-4AF3-87C6-17E28211DDA9}"
EndProject
Project("{FAE04EC0-301F-11D3-BF4B-00C04F79EFBC}") = "DBTest", "C:\Users\Vincenzo1\Desktop\Progetti VS\Test\DBTest\DBTest\DBTest.csproj", "{5337846F-78B9-40AE-90CB-B62A9B02C1E5}"
EndProject
Global
	GlobalSection(SolutionConfigurationPlatforms) = preSolution
		Debug|Any CPU = Debug|Any CPU
		Release|Any CPU = Release|Any CPU
	EndGlobalSection
	GlobalSection(ProjectConfigurationPlatforms) = postSolution
		{07107DBF-6AC0-4AF3-87C6-17E28211DDA9}.Debug|Any CPU.ActiveCfg = Debug|Any CPU
		{07107DBF-6AC0-4AF3-87C6-17E28211DDA9}.Debug|Any CPU.Build.0 = Debug|Any CPU
		{07107DBF-6AC0-4AF3-87C6-17E28211DDA9}.Release|Any CPU.ActiveCfg = Release|Any CPU
		{07107DBF-6AC0-4AF3-87C6-17E28211DDA9}.Release|Any CPU.Build.0 = Release|Any CPU
		{5337846F-78B9-40AE-90CB-B62A9B02C1E5}.Debug|Any CPU.ActiveCfg = Debug|Any CPU
		{5337846F-78B9-40AE-90CB-B62A9B02C1E5}.Debug|Any CPU.Build.0 = Debug|Any CPU
		{5337846F-78B9-40AE-90CB-B62A9B02C1E5}.Release|Any CPU.ActiveCfg = Release|Any CPU
		{5337846F-78B9-40AE-90CB-B62A9B02C1E5}.Release|Any CPU.Build.0 = Release|Any CPU
	EndGlobalSection
	GlobalSection(SolutionProperties) = preSolution
		HideSolutionNode = FALSE
	EndGlobalSection
EndGlobal
